
Microsoft Visual Studio Solution File, Format Version 12.00
Project("{FAE04EC0-301F-11D3-BF4B-00C04F79EFBC}") = "WpfRedditExample01", "WpfRedditExample01\WpfRedditExample01.csproj", "{505CBFB8-95CD-420F-907D-3CA426EAC036}"
EndProject
Global
	GlobalSection(SolutionConfigurationPlatforms) = preSolution
		Debug|Any CPU = Debug|Any CPU
		Release|Any CPU = Release|Any CPU
	EndGlobalSection
	GlobalSection(ProjectConfigurationPlatforms) = postSolution
		{505CBFB8-95CD-420F-907D-3CA426EAC036}.Debug|Any CPU.ActiveCfg = Debug|Any CPU
		{505CBFB8-95CD-420F-907D-3CA426EAC036}.Debug|Any CPU.Build.0 = Debug|Any CPU
		{505CBFB8-95CD-420F-907D-3CA426EAC036}.Release|Any CPU.ActiveCfg = Release|Any CPU
		{505CBFB8-95CD-420F-907D-3CA426EAC036}.Release|Any CPU.Build.0 = Release|Any CPU
	EndGlobalSection
EndGlobal
